
Microsoft Visual Studio Solution File, Format Version 12.00
# Visual Studio Version 17
VisualStudioVersion = 17.5.33502.453
MinimumVisualStudioVersion = 10.0.40219.1
Project("{FAE04EC0-301F-11D3-BF4B-00C04F79EFBC}") = "ConsoleApp148", "ConsoleApp148\ConsoleApp148.csproj", "{2909ED00-A37C-4D58-856C-BFFDB11D6A66}"
EndProject
Global
	GlobalSection(SolutionConfigurationPlatforms) = preSolution
		Debug|Any CPU = Debug|Any CPU
		Release|Any CPU = Release|Any CPU
	EndGlobalSection
	GlobalSection(ProjectConfigurationPlatforms) = postSolution
		{2909ED00-A37C-4D58-856C-BFFDB11D6A66}.Debug|Any CPU.ActiveCfg = Debug|Any CPU
		{2909ED00-A37C-4D58-856C-BFFDB11D6A66}.Debug|Any CPU.Build.0 = Debug|Any CPU
		{2909ED00-A37C-4D58-856C-BFFDB11D6A66}.Release|Any CPU.ActiveCfg = Release|Any CPU
		{2909ED00-A37C-4D58-856C-BFFDB11D6A66}.Release|Any CPU.Build.0 = Release|Any CPU
	EndGlobalSection
	GlobalSection(SolutionProperties) = preSolution
		HideSolutionNode = FALSE
	EndGlobalSection
	GlobalSection(ExtensibilityGlobals) = postSolution
		SolutionGuid = {60BB2B0F-2FFC-4F2A-B788-834D99A2CA03}
	EndGlobalSection
EndGlobal
